
Microsoft Visual Studio Solution File, Format Version 11.00
# Visual Studio 2010
Project("{F184B08F-C81C-45F6-A57F-5ABD9991F28F}") = "JWLibrary-YearTextEditor", "JWLibrary-YearTextEditor\JWLibrary-YearTextEditor.vbproj", "{F94DDAEA-5EAD-4C4C-9B93-85B3FA5F95B2}"
EndProject
Project("{54435603-DBB4-11D2-8724-00A0C9A8B90C}") = "Setup", "Setup\Setup.vdproj", "{85AB2B6B-E24A-40AC-AD5D-B4712B339083}"
EndProject
Global
	GlobalSection(SolutionConfigurationPlatforms) = preSolution
		Debug|x86 = Debug|x86
		Release|x86 = Release|x86
	EndGlobalSection
	GlobalSection(ProjectConfigurationPlatforms) = postSolution
		{F94DDAEA-5EAD-4C4C-9B93-85B3FA5F95B2}.Debug|x86.ActiveCfg = Debug|x86
		{F94DDAEA-5EAD-4C4C-9B93-85B3FA5F95B2}.Debug|x86.Build.0 = Debug|x86
		{F94DDAEA-5EAD-4C4C-9B93-85B3FA5F95B2}.Release|x86.ActiveCfg = Release|x86
		{F94DDAEA-5EAD-4C4C-9B93-85B3FA5F95B2}.Release|x86.Build.0 = Release|x86
		{85AB2B6B-E24A-40AC-AD5D-B4712B339083}.Debug|x86.ActiveCfg = Debug
		{85AB2B6B-E24A-40AC-AD5D-B4712B339083}.Release|x86.ActiveCfg = Release
	EndGlobalSection
	GlobalSection(SolutionProperties) = preSolution
		HideSolutionNode = FALSE
	EndGlobalSection
EndGlobal
